
Microsoft Visual Studio Solution File, Format Version 12.00
# Visual Studio Version 17
VisualStudioVersion = 17.4.33205.214
MinimumVisualStudioVersion = 10.0.40219.1
Project("{FAE04EC0-301F-11D3-BF4B-00C04F79EFBC}") = "ApiMVCclient", "ApiMVCclient\ApiMVCclient.csproj", "{6B767AA1-171E-4A42-B5BA-DBD2BA074D2E}"
EndProject
Global
	GlobalSection(SolutionConfigurationPlatforms) = preSolution
		Debug|Any CPU = Debug|Any CPU
		Release|Any CPU = Release|Any CPU
	EndGlobalSection
	GlobalSection(ProjectConfigurationPlatforms) = postSolution
		{6B767AA1-171E-4A42-B5BA-DBD2BA074D2E}.Debug|Any CPU.ActiveCfg = Debug|Any CPU
		{6B767AA1-171E-4A42-B5BA-DBD2BA074D2E}.Debug|Any CPU.Build.0 = Debug|Any CPU
		{6B767AA1-171E-4A42-B5BA-DBD2BA074D2E}.Release|Any CPU.ActiveCfg = Release|Any CPU
		{6B767AA1-171E-4A42-B5BA-DBD2BA074D2E}.Release|Any CPU.Build.0 = Release|Any CPU
	EndGlobalSection
	GlobalSection(SolutionProperties) = preSolution
		HideSolutionNode = FALSE
	EndGlobalSection
	GlobalSection(ExtensibilityGlobals) = postSolution
		SolutionGuid = {D305CD45-FA71-485E-8072-928FF56B312C}
	EndGlobalSection
EndGlobal
